
Microsoft Visual Studio Solution File, Format Version 12.00
# Visual Studio Version 17
VisualStudioVersion = 17.4.32916.344
MinimumVisualStudioVersion = 10.0.40219.1
Global
	GlobalSection(SolutionProperties) = preSolution
		HideSolutionNode = FALSE
	EndGlobalSection
	GlobalSection(ExtensibilityGlobals) = postSolution
		SolutionGuid = {E0190B5C-9984-43F5-8891-D80379BFB78F}
	EndGlobalSection
EndGlobal
