
Microsoft Visual Studio Solution File, Format Version 12.00
# Visual Studio Version 17
VisualStudioVersion = 17.0.31903.59
MinimumVisualStudioVersion = 10.0.40219.1
Project("{9A19103F-16F7-4668-BE54-9A1E7A4F7556}") = "OakNet-Link-API", "OakNet-Link-Api\OakNet-Link-API.csproj", "{787BC1F6-01B9-40F3-83E6-6228AD4FDB8E}"
EndProject
Project("{9A19103F-16F7-4668-BE54-9A1E7A4F7556}") = "OakNet-Link-Sessions", "OakNet-Link-Sessions\OakNet-Link-Sessions.csproj", "{0BB9A274-6D47-498B-84B3-38982FDBB9F9}"
EndProject
Project("{9A19103F-16F7-4668-BE54-9A1E7A4F7556}") = "OakNet-Link-MasterServer", "OakNet-Link-MasterServer\OakNet-Link-MasterServer.csproj", "{87C7E9DE-223D-46F6-B9AD-AD69ACF184D5}"
EndProject
Global
	GlobalSection(SolutionConfigurationPlatforms) = preSolution
		Debug|Any CPU = Debug|Any CPU
		Debug|x64 = Debug|x64
		Debug|x86 = Debug|x86
		Release|Any CPU = Release|Any CPU
		Release|x64 = Release|x64
		Release|x86 = Release|x86
	EndGlobalSection
	GlobalSection(ProjectConfigurationPlatforms) = postSolution
		{787BC1F6-01B9-40F3-83E6-6228AD4FDB8E}.Debug|Any CPU.ActiveCfg = Debug|Any CPU
		{787BC1F6-01B9-40F3-83E6-6228AD4FDB8E}.Debug|Any CPU.Build.0 = Debug|Any CPU
		{787BC1F6-01B9-40F3-83E6-6228AD4FDB8E}.Debug|x64.ActiveCfg = Debug|Any CPU
		{787BC1F6-01B9-40F3-83E6-6228AD4FDB8E}.Debug|x64.Build.0 = Debug|Any CPU
		{787BC1F6-01B9-40F3-83E6-6228AD4FDB8E}.Debug|x86.ActiveCfg = Debug|Any CPU
		{787BC1F6-01B9-40F3-83E6-6228AD4FDB8E}.Debug|x86.Build.0 = Debug|Any CPU
		{787BC1F6-01B9-40F3-83E6-6228AD4FDB8E}.Release|Any CPU.ActiveCfg = Release|Any CPU
		{787BC1F6-01B9-40F3-83E6-6228AD4FDB8E}.Release|Any CPU.Build.0 = Release|Any CPU
		{787BC1F6-01B9-40F3-83E6-6228AD4FDB8E}.Release|x64.ActiveCfg = Release|Any CPU
		{787BC1F6-01B9-40F3-83E6-6228AD4FDB8E}.Release|x64.Build.0 = Release|Any CPU
		{787BC1F6-01B9-40F3-83E6-6228AD4FDB8E}.Release|x86.ActiveCfg = Release|Any CPU
		{787BC1F6-01B9-40F3-83E6-6228AD4FDB8E}.Release|x86.Build.0 = Release|Any CPU
		{0BB9A274-6D47-498B-84B3-38982FDBB9F9}.Debug|Any CPU.ActiveCfg = Debug|Any CPU
		{0BB9A274-6D47-498B-84B3-38982FDBB9F9}.Debug|Any CPU.Build.0 = Debug|Any CPU
		{0BB9A274-6D47-498B-84B3-38982FDBB9F9}.Debug|x64.ActiveCfg = Debug|Any CPU
		{0BB9A274-6D47-498B-84B3-38982FDBB9F9}.Debug|x64.Build.0 = Debug|Any CPU
		{0BB9A274-6D47-498B-84B3-38982FDBB9F9}.Debug|x86.ActiveCfg = Debug|Any CPU
		{0BB9A274-6D47-498B-84B3-38982FDBB9F9}.Debug|x86.Build.0 = Debug|Any CPU
		{0BB9A274-6D47-498B-84B3-38982FDBB9F9}.Release|Any CPU.ActiveCfg = Release|Any CPU
		{0BB9A274-6D47-498B-84B3-38982FDBB9F9}.Release|Any CPU.Build.0 = Release|Any CPU
		{0BB9A274-6D47-498B-84B3-38982FDBB9F9}.Release|x64.ActiveCfg = Release|Any CPU
		{0BB9A274-6D47-498B-84B3-38982FDBB9F9}.Release|x64.Build.0 = Release|Any CPU
		{0BB9A274-6D47-498B-84B3-38982FDBB9F9}.Release|x86.ActiveCfg = Release|Any CPU
		{0BB9A274-6D47-498B-84B3-38982FDBB9F9}.Release|x86.Build.0 = Release|Any CPU
		{87C7E9DE-223D-46F6-B9AD-AD69ACF184D5}.Debug|Any CPU.ActiveCfg = Debug|Any CPU
		{87C7E9DE-223D-46F6-B9AD-AD69ACF184D5}.Debug|Any CPU.Build.0 = Debug|Any CPU
		{87C7E9DE-223D-46F6-B9AD-AD69ACF184D5}.Debug|x64.ActiveCfg = Debug|Any CPU
		{87C7E9DE-223D-46F6-B9AD-AD69ACF184D5}.Debug|x64.Build.0 = Debug|Any CPU
		{87C7E9DE-223D-46F6-B9AD-AD69ACF184D5}.Debug|x86.ActiveCfg = Debug|Any CPU
		{87C7E9DE-223D-46F6-B9AD-AD69ACF184D5}.Debug|x86.Build.0 = Debug|Any CPU
		{87C7E9DE-223D-46F6-B9AD-AD69ACF184D5}.Release|Any CPU.ActiveCfg = Release|Any CPU
		{87C7E9DE-223D-46F6-B9AD-AD69ACF184D5}.Release|Any CPU.Build.0 = Release|Any CPU
		{87C7E9DE-223D-46F6-B9AD-AD69ACF184D5}.Release|x64.ActiveCfg = Release|Any CPU
		{87C7E9DE-223D-46F6-B9AD-AD69ACF184D5}.Release|x64.Build.0 = Release|Any CPU
		{87C7E9DE-223D-46F6-B9AD-AD69ACF184D5}.Release|x86.ActiveCfg = Release|Any CPU
		{87C7E9DE-223D-46F6-B9AD-AD69ACF184D5}.Release|x86.Build.0 = Release|Any CPU
	EndGlobalSection
	GlobalSection(SolutionProperties) = preSolution
		HideSolutionNode = FALSE
	EndGlobalSection
	GlobalSection(ExtensibilityGlobals) = postSolution
		SolutionGuid = {B06FDEA2-5007-4FFA-8771-6597E421872C}
	EndGlobalSection
EndGlobal
